
Microsoft Visual Studio Solution File, Format Version 12.00
# Visual Studio Version 17
VisualStudioVersion = 17.0.31903.59
MinimumVisualStudioVersion = 10.0.40219.1
Project("{2150E333-8FDC-42A3-9474-1A3956D46DE8}") = "src", "src", "{552D1525-4E02-4D10-81E0-A86235787CE2}"
EndProject
Project("{FAE04EC0-301F-11D3-BF4B-00C04F79EFBC}") = "Build", "src\Build\Build.csproj", "{739AE089-48F4-42AA-8F2C-19E5CC5FAEBB}"
EndProject
Project("{2150E333-8FDC-42A3-9474-1A3956D46DE8}") = "tests", "tests", "{3CB8910C-B074-4EB2-AE80-AC724A9F3C38}"
EndProject
Project("{FAE04EC0-301F-11D3-BF4B-00C04F79EFBC}") = "Server", "src\Server\Server.csproj", "{BA62B806-5D45-430E-929D-132EF2DD0E57}"
EndProject
Project("{FAE04EC0-301F-11D3-BF4B-00C04F79EFBC}") = "ServerTests", "tests\ServerTests\ServerTests.csproj", "{9AD5EA7F-DCBD-4D54-B438-DBDAE2B6B85C}"
EndProject
Project("{FAE04EC0-301F-11D3-BF4B-00C04F79EFBC}") = "Models", "src\Models\Models.csproj", "{2A399862-E680-42DA-AEEF-A23D7E544021}"
EndProject
Project("{FAE04EC0-301F-11D3-BF4B-00C04F79EFBC}") = "ModelsTests", "tests\ModelsTests\ModelsTests.csproj", "{90C0DBCC-6DC9-4CDF-BE1F-260987420FDF}"
EndProject
Global
	GlobalSection(SolutionConfigurationPlatforms) = preSolution
		Debug|Any CPU = Debug|Any CPU
		Release|Any CPU = Release|Any CPU
	EndGlobalSection
	GlobalSection(SolutionProperties) = preSolution
		HideSolutionNode = FALSE
	EndGlobalSection
	GlobalSection(ProjectConfigurationPlatforms) = postSolution
		{739AE089-48F4-42AA-8F2C-19E5CC5FAEBB}.Debug|Any CPU.ActiveCfg = Debug|Any CPU
		{739AE089-48F4-42AA-8F2C-19E5CC5FAEBB}.Debug|Any CPU.Build.0 = Debug|Any CPU
		{739AE089-48F4-42AA-8F2C-19E5CC5FAEBB}.Release|Any CPU.ActiveCfg = Release|Any CPU
		{739AE089-48F4-42AA-8F2C-19E5CC5FAEBB}.Release|Any CPU.Build.0 = Release|Any CPU
		{BA62B806-5D45-430E-929D-132EF2DD0E57}.Debug|Any CPU.ActiveCfg = Debug|Any CPU
		{BA62B806-5D45-430E-929D-132EF2DD0E57}.Debug|Any CPU.Build.0 = Debug|Any CPU
		{BA62B806-5D45-430E-929D-132EF2DD0E57}.Release|Any CPU.ActiveCfg = Release|Any CPU
		{BA62B806-5D45-430E-929D-132EF2DD0E57}.Release|Any CPU.Build.0 = Release|Any CPU
		{9AD5EA7F-DCBD-4D54-B438-DBDAE2B6B85C}.Debug|Any CPU.ActiveCfg = Debug|Any CPU
		{9AD5EA7F-DCBD-4D54-B438-DBDAE2B6B85C}.Debug|Any CPU.Build.0 = Debug|Any CPU
		{9AD5EA7F-DCBD-4D54-B438-DBDAE2B6B85C}.Release|Any CPU.ActiveCfg = Release|Any CPU
		{9AD5EA7F-DCBD-4D54-B438-DBDAE2B6B85C}.Release|Any CPU.Build.0 = Release|Any CPU
		{2A399862-E680-42DA-AEEF-A23D7E544021}.Debug|Any CPU.ActiveCfg = Debug|Any CPU
		{2A399862-E680-42DA-AEEF-A23D7E544021}.Debug|Any CPU.Build.0 = Debug|Any CPU
		{2A399862-E680-42DA-AEEF-A23D7E544021}.Release|Any CPU.ActiveCfg = Release|Any CPU
		{2A399862-E680-42DA-AEEF-A23D7E544021}.Release|Any CPU.Build.0 = Release|Any CPU
		{90C0DBCC-6DC9-4CDF-BE1F-260987420FDF}.Debug|Any CPU.ActiveCfg = Debug|Any CPU
		{90C0DBCC-6DC9-4CDF-BE1F-260987420FDF}.Debug|Any CPU.Build.0 = Debug|Any CPU
		{90C0DBCC-6DC9-4CDF-BE1F-260987420FDF}.Release|Any CPU.ActiveCfg = Release|Any CPU
		{90C0DBCC-6DC9-4CDF-BE1F-260987420FDF}.Release|Any CPU.Build.0 = Release|Any CPU
	EndGlobalSection
	GlobalSection(NestedProjects) = preSolution
		{739AE089-48F4-42AA-8F2C-19E5CC5FAEBB} = {552D1525-4E02-4D10-81E0-A86235787CE2}
		{BA62B806-5D45-430E-929D-132EF2DD0E57} = {552D1525-4E02-4D10-81E0-A86235787CE2}
		{9AD5EA7F-DCBD-4D54-B438-DBDAE2B6B85C} = {3CB8910C-B074-4EB2-AE80-AC724A9F3C38}
		{2A399862-E680-42DA-AEEF-A23D7E544021} = {552D1525-4E02-4D10-81E0-A86235787CE2}
		{90C0DBCC-6DC9-4CDF-BE1F-260987420FDF} = {3CB8910C-B074-4EB2-AE80-AC724A9F3C38}
	EndGlobalSection
EndGlobal
